# This file is automatically @generated by Cargo.
# It is not intended for manual editing.
[[package]]
name = "js_event_loop"
version = "0.1.0"
dependencies = [
 "minimio 0.1.0 (git+https://github.com/cfsamson/examples-io-eventloop?branch=win_close_err)",
]

[[package]]
name = "minimio"
version = "0.1.0"
source = "git+https://github.com/cfsamson/examples-io-eventloop?branch=win_close_err#6b3bb8a60f5575d6f9c6bae3c19dd5418e1955f9"

[metadata]
"checksum minimio 0.1.0 (git+https://github.com/cfsamson/examples-io-eventloop?branch=win_close_err)" = "<none>"
