# This file is automatically @generated by Cargo.
# It is not intended for manual editing.
[[package]]
name = "js_event_loop"
version = "0.1.0"
dependencies = [
 "minimio 0.1.0 (git+https://github.com/cfsamson/examples-io-eventloop)",
]

[[package]]
name = "minimio"
version = "0.1.0"
source = "git+https://github.com/cfsamson/examples-io-eventloop#f595096b97e3b67a57570ac82e0cbf58f8c722fe"

[metadata]
"checksum minimio 0.1.0 (git+https://github.com/cfsamson/examples-io-eventloop)" = "<none>"
