# This file is automatically @generated by Cargo.
# It is not intended for manual editing.
[[package]]
name = "js_event_loop"
version = "0.1.0"
dependencies = [
 "minimio 0.1.0 (git+https://github.com/cfsamson/examples-io-eventloop?branch=dev)",
]

[[package]]
name = "minimio"
version = "0.1.0"
source = "git+https://github.com/cfsamson/examples-io-eventloop?branch=dev#b2a0232748590f0a4cc2859c460197eac9e427e8"

[metadata]
"checksum minimio 0.1.0 (git+https://github.com/cfsamson/examples-io-eventloop?branch=dev)" = "<none>"
